
Microsoft Visual Studio Solution File, Format Version 12.00
# Visual Studio Version 17
VisualStudioVersion = 17.9.34728.123
MinimumVisualStudioVersion = 10.0.40219.1
Project("{8BC9CEB8-8B4A-11D0-8D11-00A0C91BC942}") = "Test1_1", "Test1_1\Test1_1.vcxproj", "{503F21DF-61DF-477F-BD4A-3774E7EABC37}"
EndProject
Project("{8BC9CEB8-8B4A-11D0-8D11-00A0C91BC942}") = "Test1_2", "Test1_2\Test1_2.vcxproj", "{828EAF84-7472-491F-BEF6-D64DFAE04B66}"
EndProject
Project("{8BC9CEB8-8B4A-11D0-8D11-00A0C91BC942}") = "Test1_3", "Test1_3\Test1_3.vcxproj", "{7380126D-7238-45FA-8566-05480F016A16}"
EndProject
Project("{8BC9CEB8-8B4A-11D0-8D11-00A0C91BC942}") = "Test1_4", "Test1_4\Test1_4.vcxproj", "{92055D5A-5DB1-4321-AF1C-A190AB0444F2}"
EndProject
Project("{8BC9CEB8-8B4A-11D0-8D11-00A0C91BC942}") = "Test2_1", "Test2_1\Test2_1.vcxproj", "{68E40AEC-4162-487A-A2AE-018A6FA8E832}"
EndProject
Project("{8BC9CEB8-8B4A-11D0-8D11-00A0C91BC942}") = "Test3_1", "Test3_1\Test3_1.vcxproj", "{B1828615-6EED-414D-BC99-FF0B6E462513}"
EndProject
Project("{8BC9CEB8-8B4A-11D0-8D11-00A0C91BC942}") = "Test3_2", "Test3_2\Test3_2.vcxproj", "{B5A7BCD0-A6C7-4EA8-A2DC-44B7022AFFE7}"
EndProject
Project("{8BC9CEB8-8B4A-11D0-8D11-00A0C91BC942}") = "Test3_3", "Test3_3\Test3_3.vcxproj", "{5F60BF3C-724C-4B0C-8446-CFCD2B9578EC}"
EndProject
Project("{8BC9CEB8-8B4A-11D0-8D11-00A0C91BC942}") = "Test3_4", "Test3_4\Test3_4.vcxproj", "{594F2499-8CDB-40D5-A132-771CCC2EBE74}"
EndProject
Project("{8BC9CEB8-8B4A-11D0-8D11-00A0C91BC942}") = "Test3_5", "Test3_5\Test3_5.vcxproj", "{265C5C4C-A0C8-4A59-8D36-EC9EC7B57C12}"
EndProject
Project("{8BC9CEB8-8B4A-11D0-8D11-00A0C91BC942}") = "Test4_1", "Test4_1\Test4_1.vcxproj", "{86BE4075-2C00-4FBE-8D65-8939A085AF89}"
EndProject
Project("{8BC9CEB8-8B4A-11D0-8D11-00A0C91BC942}") = "Test4_2", "Test4_2\Test4_2.vcxproj", "{F3AAF27F-06E0-4877-B0AD-421236C9AF28}"
EndProject
Global
	GlobalSection(SolutionConfigurationPlatforms) = preSolution
		Debug|x64 = Debug|x64
		Debug|x86 = Debug|x86
		Release|x64 = Release|x64
		Release|x86 = Release|x86
	EndGlobalSection
	GlobalSection(ProjectConfigurationPlatforms) = postSolution
		{503F21DF-61DF-477F-BD4A-3774E7EABC37}.Debug|x64.ActiveCfg = Debug|x64
		{503F21DF-61DF-477F-BD4A-3774E7EABC37}.Debug|x64.Build.0 = Debug|x64
		{503F21DF-61DF-477F-BD4A-3774E7EABC37}.Debug|x86.ActiveCfg = Debug|Win32
		{503F21DF-61DF-477F-BD4A-3774E7EABC37}.Debug|x86.Build.0 = Debug|Win32
		{503F21DF-61DF-477F-BD4A-3774E7EABC37}.Release|x64.ActiveCfg = Release|x64
		{503F21DF-61DF-477F-BD4A-3774E7EABC37}.Release|x64.Build.0 = Release|x64
		{503F21DF-61DF-477F-BD4A-3774E7EABC37}.Release|x86.ActiveCfg = Release|Win32
		{503F21DF-61DF-477F-BD4A-3774E7EABC37}.Release|x86.Build.0 = Release|Win32
		{828EAF84-7472-491F-BEF6-D64DFAE04B66}.Debug|x64.ActiveCfg = Debug|x64
		{828EAF84-7472-491F-BEF6-D64DFAE04B66}.Debug|x64.Build.0 = Debug|x64
		{828EAF84-7472-491F-BEF6-D64DFAE04B66}.Debug|x86.ActiveCfg = Debug|Win32
		{828EAF84-7472-491F-BEF6-D64DFAE04B66}.Debug|x86.Build.0 = Debug|Win32
		{828EAF84-7472-491F-BEF6-D64DFAE04B66}.Release|x64.ActiveCfg = Release|x64
		{828EAF84-7472-491F-BEF6-D64DFAE04B66}.Release|x64.Build.0 = Release|x64
		{828EAF84-7472-491F-BEF6-D64DFAE04B66}.Release|x86.ActiveCfg = Release|Win32
		{828EAF84-7472-491F-BEF6-D64DFAE04B66}.Release|x86.Build.0 = Release|Win32
		{7380126D-7238-45FA-8566-05480F016A16}.Debug|x64.ActiveCfg = Debug|x64
		{7380126D-7238-45FA-8566-05480F016A16}.Debug|x64.Build.0 = Debug|x64
		{7380126D-7238-45FA-8566-05480F016A16}.Debug|x86.ActiveCfg = Debug|Win32
		{7380126D-7238-45FA-8566-05480F016A16}.Debug|x86.Build.0 = Debug|Win32
		{7380126D-7238-45FA-8566-05480F016A16}.Release|x64.ActiveCfg = Release|x64
		{7380126D-7238-45FA-8566-05480F016A16}.Release|x64.Build.0 = Release|x64
		{7380126D-7238-45FA-8566-05480F016A16}.Release|x86.ActiveCfg = Release|Win32
		{7380126D-7238-45FA-8566-05480F016A16}.Release|x86.Build.0 = Release|Win32
		{92055D5A-5DB1-4321-AF1C-A190AB0444F2}.Debug|x64.ActiveCfg = Debug|x64
		{92055D5A-5DB1-4321-AF1C-A190AB0444F2}.Debug|x64.Build.0 = Debug|x64
		{92055D5A-5DB1-4321-AF1C-A190AB0444F2}.Debug|x86.ActiveCfg = Debug|Win32
		{92055D5A-5DB1-4321-AF1C-A190AB0444F2}.Debug|x86.Build.0 = Debug|Win32
		{92055D5A-5DB1-4321-AF1C-A190AB0444F2}.Release|x64.ActiveCfg = Release|x64
		{92055D5A-5DB1-4321-AF1C-A190AB0444F2}.Release|x64.Build.0 = Release|x64
		{92055D5A-5DB1-4321-AF1C-A190AB0444F2}.Release|x86.ActiveCfg = Release|Win32
		{92055D5A-5DB1-4321-AF1C-A190AB0444F2}.Release|x86.Build.0 = Release|Win32
		{68E40AEC-4162-487A-A2AE-018A6FA8E832}.Debug|x64.ActiveCfg = Debug|x64
		{68E40AEC-4162-487A-A2AE-018A6FA8E832}.Debug|x64.Build.0 = Debug|x64
		{68E40AEC-4162-487A-A2AE-018A6FA8E832}.Debug|x86.ActiveCfg = Debug|Win32
		{68E40AEC-4162-487A-A2AE-018A6FA8E832}.Debug|x86.Build.0 = Debug|Win32
		{68E40AEC-4162-487A-A2AE-018A6FA8E832}.Release|x64.ActiveCfg = Release|x64
		{68E40AEC-4162-487A-A2AE-018A6FA8E832}.Release|x64.Build.0 = Release|x64
		{68E40AEC-4162-487A-A2AE-018A6FA8E832}.Release|x86.ActiveCfg = Release|Win32
		{68E40AEC-4162-487A-A2AE-018A6FA8E832}.Release|x86.Build.0 = Release|Win32
		{B1828615-6EED-414D-BC99-FF0B6E462513}.Debug|x64.ActiveCfg = Debug|x64
		{B1828615-6EED-414D-BC99-FF0B6E462513}.Debug|x64.Build.0 = Debug|x64
		{B1828615-6EED-414D-BC99-FF0B6E462513}.Debug|x86.ActiveCfg = Debug|Win32
		{B1828615-6EED-414D-BC99-FF0B6E462513}.Debug|x86.Build.0 = Debug|Win32
		{B1828615-6EED-414D-BC99-FF0B6E462513}.Release|x64.ActiveCfg = Release|x64
		{B1828615-6EED-414D-BC99-FF0B6E462513}.Release|x64.Build.0 = Release|x64
		{B1828615-6EED-414D-BC99-FF0B6E462513}.Release|x86.ActiveCfg = Release|Win32
		{B1828615-6EED-414D-BC99-FF0B6E462513}.Release|x86.Build.0 = Release|Win32
		{B5A7BCD0-A6C7-4EA8-A2DC-44B7022AFFE7}.Debug|x64.ActiveCfg = Debug|x64
		{B5A7BCD0-A6C7-4EA8-A2DC-44B7022AFFE7}.Debug|x64.Build.0 = Debug|x64
		{B5A7BCD0-A6C7-4EA8-A2DC-44B7022AFFE7}.Debug|x86.ActiveCfg = Debug|Win32
		{B5A7BCD0-A6C7-4EA8-A2DC-44B7022AFFE7}.Debug|x86.Build.0 = Debug|Win32
		{B5A7BCD0-A6C7-4EA8-A2DC-44B7022AFFE7}.Release|x64.ActiveCfg = Release|x64
		{B5A7BCD0-A6C7-4EA8-A2DC-44B7022AFFE7}.Release|x64.Build.0 = Release|x64
		{B5A7BCD0-A6C7-4EA8-A2DC-44B7022AFFE7}.Release|x86.ActiveCfg = Release|Win32
		{B5A7BCD0-A6C7-4EA8-A2DC-44B7022AFFE7}.Release|x86.Build.0 = Release|Win32
		{5F60BF3C-724C-4B0C-8446-CFCD2B9578EC}.Debug|x64.ActiveCfg = Debug|x64
		{5F60BF3C-724C-4B0C-8446-CFCD2B9578EC}.Debug|x64.Build.0 = Debug|x64
		{5F60BF3C-724C-4B0C-8446-CFCD2B9578EC}.Debug|x86.ActiveCfg = Debug|Win32
		{5F60BF3C-724C-4B0C-8446-CFCD2B9578EC}.Debug|x86.Build.0 = Debug|Win32
		{5F60BF3C-724C-4B0C-8446-CFCD2B9578EC}.Release|x64.ActiveCfg = Release|x64
		{5F60BF3C-724C-4B0C-8446-CFCD2B9578EC}.Release|x64.Build.0 = Release|x64
		{5F60BF3C-724C-4B0C-8446-CFCD2B9578EC}.Release|x86.ActiveCfg = Release|Win32
		{5F60BF3C-724C-4B0C-8446-CFCD2B9578EC}.Release|x86.Build.0 = Release|Win32
		{594F2499-8CDB-40D5-A132-771CCC2EBE74}.Debug|x64.ActiveCfg = Debug|x64
		{594F2499-8CDB-40D5-A132-771CCC2EBE74}.Debug|x64.Build.0 = Debug|x64
		{594F2499-8CDB-40D5-A132-771CCC2EBE74}.Debug|x86.ActiveCfg = Debug|Win32
		{594F2499-8CDB-40D5-A132-771CCC2EBE74}.Debug|x86.Build.0 = Debug|Win32
		{594F2499-8CDB-40D5-A132-771CCC2EBE74}.Release|x64.ActiveCfg = Release|x64
		{594F2499-8CDB-40D5-A132-771CCC2EBE74}.Release|x64.Build.0 = Release|x64
		{594F2499-8CDB-40D5-A132-771CCC2EBE74}.Release|x86.ActiveCfg = Release|Win32
		{594F2499-8CDB-40D5-A132-771CCC2EBE74}.Release|x86.Build.0 = Release|Win32
		{265C5C4C-A0C8-4A59-8D36-EC9EC7B57C12}.Debug|x64.ActiveCfg = Debug|x64
		{265C5C4C-A0C8-4A59-8D36-EC9EC7B57C12}.Debug|x64.Build.0 = Debug|x64
		{265C5C4C-A0C8-4A59-8D36-EC9EC7B57C12}.Debug|x86.ActiveCfg = Debug|Win32
		{265C5C4C-A0C8-4A59-8D36-EC9EC7B57C12}.Debug|x86.Build.0 = Debug|Win32
		{265C5C4C-A0C8-4A59-8D36-EC9EC7B57C12}.Release|x64.ActiveCfg = Release|x64
		{265C5C4C-A0C8-4A59-8D36-EC9EC7B57C12}.Release|x64.Build.0 = Release|x64
		{265C5C4C-A0C8-4A59-8D36-EC9EC7B57C12}.Release|x86.ActiveCfg = Release|Win32
		{265C5C4C-A0C8-4A59-8D36-EC9EC7B57C12}.Release|x86.Build.0 = Release|Win32
		{86BE4075-2C00-4FBE-8D65-8939A085AF89}.Debug|x64.ActiveCfg = Debug|x64
		{86BE4075-2C00-4FBE-8D65-8939A085AF89}.Debug|x64.Build.0 = Debug|x64
		{86BE4075-2C00-4FBE-8D65-8939A085AF89}.Debug|x86.ActiveCfg = Debug|Win32
		{86BE4075-2C00-4FBE-8D65-8939A085AF89}.Debug|x86.Build.0 = Debug|Win32
		{86BE4075-2C00-4FBE-8D65-8939A085AF89}.Release|x64.ActiveCfg = Release|x64
		{86BE4075-2C00-4FBE-8D65-8939A085AF89}.Release|x64.Build.0 = Release|x64
		{86BE4075-2C00-4FBE-8D65-8939A085AF89}.Release|x86.ActiveCfg = Release|Win32
		{86BE4075-2C00-4FBE-8D65-8939A085AF89}.Release|x86.Build.0 = Release|Win32
		{F3AAF27F-06E0-4877-B0AD-421236C9AF28}.Debug|x64.ActiveCfg = Debug|x64
		{F3AAF27F-06E0-4877-B0AD-421236C9AF28}.Debug|x64.Build.0 = Debug|x64
		{F3AAF27F-06E0-4877-B0AD-421236C9AF28}.Debug|x86.ActiveCfg = Debug|Win32
		{F3AAF27F-06E0-4877-B0AD-421236C9AF28}.Debug|x86.Build.0 = Debug|Win32
		{F3AAF27F-06E0-4877-B0AD-421236C9AF28}.Release|x64.ActiveCfg = Release|x64
		{F3AAF27F-06E0-4877-B0AD-421236C9AF28}.Release|x64.Build.0 = Release|x64
		{F3AAF27F-06E0-4877-B0AD-421236C9AF28}.Release|x86.ActiveCfg = Release|Win32
		{F3AAF27F-06E0-4877-B0AD-421236C9AF28}.Release|x86.Build.0 = Release|Win32
	EndGlobalSection
	GlobalSection(SolutionProperties) = preSolution
		HideSolutionNode = FALSE
	EndGlobalSection
	GlobalSection(ExtensibilityGlobals) = postSolution
		SolutionGuid = {739BE8E2-58C1-40DF-8501-AE3D352ED631}
	EndGlobalSection
EndGlobal
