
Microsoft Visual Studio Solution File, Format Version 12.00
# Visual Studio Version 17
VisualStudioVersion = 17.9.34701.34
MinimumVisualStudioVersion = 10.0.40219.1
Project("{9A19103F-16F7-4668-BE54-9A1E7A4F7556}") = "Test2_1", "Test2_1\Test2_1.csproj", "{6F8CE40B-AE37-41BF-9D1B-618376C7BD52}"
EndProject
Project("{9A19103F-16F7-4668-BE54-9A1E7A4F7556}") = "Test2_2", "Test2_2\Test2_2.csproj", "{DFDBC18A-21FC-411C-B496-76B833D94005}"
EndProject
Project("{9A19103F-16F7-4668-BE54-9A1E7A4F7556}") = "Test2_3", "Test2_3\Test2_3.csproj", "{A6AA5ABE-7144-4F1F-A80E-B4492968F0B8}"
EndProject
Project("{9A19103F-16F7-4668-BE54-9A1E7A4F7556}") = "Test2_4", "Test2_4\Test2_4.csproj", "{F2A78C18-0EF9-4909-9F75-31180EB9E083}"
EndProject
Project("{9A19103F-16F7-4668-BE54-9A1E7A4F7556}") = "Test1_1", "Test1_1\Test1_1.csproj", "{A79B9282-4AEF-4CB8-8462-69C6135F60C3}"
EndProject
Project("{9A19103F-16F7-4668-BE54-9A1E7A4F7556}") = "Test1_2", "Test1_2\Test1_2.csproj", "{2896AA0B-4403-4AE3-BB27-6098CAC236BC}"
EndProject
Project("{9A19103F-16F7-4668-BE54-9A1E7A4F7556}") = "Test1_3", "Test1_3\Test1_3.csproj", "{0D765632-3816-4D12-A8AE-590E1F7D215F}"
EndProject
Project("{9A19103F-16F7-4668-BE54-9A1E7A4F7556}") = "Test1_4", "Test1_4\Test1_4.csproj", "{010EBB1E-FA93-455D-8682-D2BBA04D389D}"
EndProject
Project("{9A19103F-16F7-4668-BE54-9A1E7A4F7556}") = "Test1_5", "Test1_5\Test1_5.csproj", "{EAEB7F0F-DAF6-4368-A489-323DD68E085E}"
EndProject
Project("{9A19103F-16F7-4668-BE54-9A1E7A4F7556}") = "Test1_6", "Test1_6\Test1_6.csproj", "{7E010F2E-3630-4E19-BF97-563155061276}"
EndProject
Project("{9A19103F-16F7-4668-BE54-9A1E7A4F7556}") = "Test1_7", "Test1_7\Test1_7.csproj", "{AA1AB179-60C0-4FDD-9691-D660CDBA5C6C}"
EndProject
Project("{9A19103F-16F7-4668-BE54-9A1E7A4F7556}") = "Test3_1", "Test3_1\Test3_1.csproj", "{25FD66CF-355A-482F-AF13-1770753B9D6E}"
EndProject
Project("{9A19103F-16F7-4668-BE54-9A1E7A4F7556}") = "Test3_2", "Test3_2\Test3_2.csproj", "{73393108-9915-4A2A-8810-74C1FA99EBDF}"
EndProject
Project("{9A19103F-16F7-4668-BE54-9A1E7A4F7556}") = "Test3_3", "Test3_3\Test3_3.csproj", "{A15FBFFD-50E2-4EA0-AFA4-DD1CD46B0F2E}"
EndProject
Project("{9A19103F-16F7-4668-BE54-9A1E7A4F7556}") = "Test3_4", "Test3_4\Test3_4.csproj", "{2ADFF7BD-B4AE-4B74-8BEA-0A8999567584}"
EndProject
Project("{9A19103F-16F7-4668-BE54-9A1E7A4F7556}") = "Test3_5", "Test3_5\Test3_5.csproj", "{EEC1AAF5-F74A-47EC-8966-9C6386926F1F}"
EndProject
Project("{9A19103F-16F7-4668-BE54-9A1E7A4F7556}") = "Test3_6", "Test3_6\Test3_6.csproj", "{F6371D16-CCDA-45A2-8871-1DFFC753750C}"
EndProject
Project("{9A19103F-16F7-4668-BE54-9A1E7A4F7556}") = "Test5_1", "Test5_1\Test5_1.csproj", "{F9201B2E-77F1-4431-99FE-B8F21F51B2A9}"
EndProject
Project("{9A19103F-16F7-4668-BE54-9A1E7A4F7556}") = "Test5_2", "Test5_2\Test5_2.csproj", "{84BEE34A-4DB7-4631-AE68-E1E71DB1BC45}"
EndProject
Project("{9A19103F-16F7-4668-BE54-9A1E7A4F7556}") = "Test5_3", "Test5_3\Test5_3.csproj", "{FC04E4D9-89FE-46EA-8A80-D16BD6BD4A1B}"
EndProject
Project("{9A19103F-16F7-4668-BE54-9A1E7A4F7556}") = "Test6_1", "Test6_1\Test6_1.csproj", "{2C90D90C-B20C-44E8-84BF-A75436EA7A1E}"
EndProject
Project("{9A19103F-16F7-4668-BE54-9A1E7A4F7556}") = "Test6_2", "Test6_2\Test6_2.csproj", "{9C3A67D6-F136-4053-B69E-26851BBAEA0C}"
EndProject
Project("{9A19103F-16F7-4668-BE54-9A1E7A4F7556}") = "Test6_3", "Test6_3\Test6_3.csproj", "{18FB8576-ABAD-4C0D-8936-98C88E1011F5}"
EndProject
Project("{9A19103F-16F7-4668-BE54-9A1E7A4F7556}") = "Test6_4", "Test6_4\Test6_4.csproj", "{718585F4-D7AB-4C4E-9A2A-4EFB3713EBE6}"
EndProject
Project("{9A19103F-16F7-4668-BE54-9A1E7A4F7556}") = "Test6_5", "Test6_5\Test6_5.csproj", "{7B8E772A-60D5-41AD-A5B0-66EC35C5AE87}"
EndProject
Project("{FAE04EC0-301F-11D3-BF4B-00C04F79EFBC}") = "Test7_0", "Test7_0\Test7_0.csproj", "{A2E8F658-C4D8-4FE0-95C9-322AE97FF571}"
EndProject
Project("{FAE04EC0-301F-11D3-BF4B-00C04F79EFBC}") = "Test7_1", "Test7_1\Test7_1.csproj", "{D75CDA90-FCDD-40F6-89A9-704B161477F2}"
EndProject
Project("{FAE04EC0-301F-11D3-BF4B-00C04F79EFBC}") = "Test7_2", "Test7_2\Test7_2.csproj", "{D686EA7E-881A-4B18-A40B-CD69D0DAF128}"
EndProject
Project("{FAE04EC0-301F-11D3-BF4B-00C04F79EFBC}") = "Test4_1", "Test4_1\Test4_1.csproj", "{A53DFC14-6CB8-4960-9A30-82B7BD185F3B}"
EndProject
Project("{FAE04EC0-301F-11D3-BF4B-00C04F79EFBC}") = "Test4_2", "Test4_2\Test4_2.csproj", "{14462830-6E9A-4528-94CC-8A88EABB19A4}"
EndProject
Project("{FAE04EC0-301F-11D3-BF4B-00C04F79EFBC}") = "Test4_3", "Test4_3\Test4_3.csproj", "{F46CE644-A463-4B57-81CE-8C0AE51B66F6}"
EndProject
Project("{FAE04EC0-301F-11D3-BF4B-00C04F79EFBC}") = "Test4_4", "Test4_4\Test4_4.csproj", "{0631C0AB-2218-45AF-B2CB-9A26FD38B1E3}"
EndProject
Project("{FAE04EC0-301F-11D3-BF4B-00C04F79EFBC}") = "Test4_5", "Test4_5\Test4_5.csproj", "{E9B1C72E-74AC-4A10-B9E0-48FA1CE3A9CB}"
EndProject
Project("{FAE04EC0-301F-11D3-BF4B-00C04F79EFBC}") = "Test8_1", "Test8_1\Test8_1.csproj", "{468E8A12-EA98-4727-B68E-22055605BBEC}"
EndProject
Project("{FAE04EC0-301F-11D3-BF4B-00C04F79EFBC}") = "Test8_2", "Test8_2\Test8_2.csproj", "{50280911-7766-44C5-ACF1-9C5902E9A209}"
EndProject
Global
	GlobalSection(SolutionConfigurationPlatforms) = preSolution
		Debug|Any CPU = Debug|Any CPU
		Release|Any CPU = Release|Any CPU
	EndGlobalSection
	GlobalSection(ProjectConfigurationPlatforms) = postSolution
		{6F8CE40B-AE37-41BF-9D1B-618376C7BD52}.Debug|Any CPU.ActiveCfg = Debug|Any CPU
		{6F8CE40B-AE37-41BF-9D1B-618376C7BD52}.Debug|Any CPU.Build.0 = Debug|Any CPU
		{6F8CE40B-AE37-41BF-9D1B-618376C7BD52}.Release|Any CPU.ActiveCfg = Release|Any CPU
		{6F8CE40B-AE37-41BF-9D1B-618376C7BD52}.Release|Any CPU.Build.0 = Release|Any CPU
		{DFDBC18A-21FC-411C-B496-76B833D94005}.Debug|Any CPU.ActiveCfg = Debug|Any CPU
		{DFDBC18A-21FC-411C-B496-76B833D94005}.Debug|Any CPU.Build.0 = Debug|Any CPU
		{DFDBC18A-21FC-411C-B496-76B833D94005}.Release|Any CPU.ActiveCfg = Release|Any CPU
		{DFDBC18A-21FC-411C-B496-76B833D94005}.Release|Any CPU.Build.0 = Release|Any CPU
		{A6AA5ABE-7144-4F1F-A80E-B4492968F0B8}.Debug|Any CPU.ActiveCfg = Debug|Any CPU
		{A6AA5ABE-7144-4F1F-A80E-B4492968F0B8}.Debug|Any CPU.Build.0 = Debug|Any CPU
		{A6AA5ABE-7144-4F1F-A80E-B4492968F0B8}.Release|Any CPU.ActiveCfg = Release|Any CPU
		{A6AA5ABE-7144-4F1F-A80E-B4492968F0B8}.Release|Any CPU.Build.0 = Release|Any CPU
		{F2A78C18-0EF9-4909-9F75-31180EB9E083}.Debug|Any CPU.ActiveCfg = Debug|Any CPU
		{F2A78C18-0EF9-4909-9F75-31180EB9E083}.Debug|Any CPU.Build.0 = Debug|Any CPU
		{F2A78C18-0EF9-4909-9F75-31180EB9E083}.Release|Any CPU.ActiveCfg = Release|Any CPU
		{F2A78C18-0EF9-4909-9F75-31180EB9E083}.Release|Any CPU.Build.0 = Release|Any CPU
		{A79B9282-4AEF-4CB8-8462-69C6135F60C3}.Debug|Any CPU.ActiveCfg = Debug|Any CPU
		{A79B9282-4AEF-4CB8-8462-69C6135F60C3}.Debug|Any CPU.Build.0 = Debug|Any CPU
		{A79B9282-4AEF-4CB8-8462-69C6135F60C3}.Release|Any CPU.ActiveCfg = Release|Any CPU
		{A79B9282-4AEF-4CB8-8462-69C6135F60C3}.Release|Any CPU.Build.0 = Release|Any CPU
		{2896AA0B-4403-4AE3-BB27-6098CAC236BC}.Debug|Any CPU.ActiveCfg = Debug|Any CPU
		{2896AA0B-4403-4AE3-BB27-6098CAC236BC}.Debug|Any CPU.Build.0 = Debug|Any CPU
		{2896AA0B-4403-4AE3-BB27-6098CAC236BC}.Release|Any CPU.ActiveCfg = Release|Any CPU
		{2896AA0B-4403-4AE3-BB27-6098CAC236BC}.Release|Any CPU.Build.0 = Release|Any CPU
		{0D765632-3816-4D12-A8AE-590E1F7D215F}.Debug|Any CPU.ActiveCfg = Debug|Any CPU
		{0D765632-3816-4D12-A8AE-590E1F7D215F}.Debug|Any CPU.Build.0 = Debug|Any CPU
		{0D765632-3816-4D12-A8AE-590E1F7D215F}.Release|Any CPU.ActiveCfg = Release|Any CPU
		{0D765632-3816-4D12-A8AE-590E1F7D215F}.Release|Any CPU.Build.0 = Release|Any CPU
		{010EBB1E-FA93-455D-8682-D2BBA04D389D}.Debug|Any CPU.ActiveCfg = Debug|Any CPU
		{010EBB1E-FA93-455D-8682-D2BBA04D389D}.Debug|Any CPU.Build.0 = Debug|Any CPU
		{010EBB1E-FA93-455D-8682-D2BBA04D389D}.Release|Any CPU.ActiveCfg = Release|Any CPU
		{010EBB1E-FA93-455D-8682-D2BBA04D389D}.Release|Any CPU.Build.0 = Release|Any CPU
		{EAEB7F0F-DAF6-4368-A489-323DD68E085E}.Debug|Any CPU.ActiveCfg = Debug|Any CPU
		{EAEB7F0F-DAF6-4368-A489-323DD68E085E}.Debug|Any CPU.Build.0 = Debug|Any CPU
		{EAEB7F0F-DAF6-4368-A489-323DD68E085E}.Release|Any CPU.ActiveCfg = Release|Any CPU
		{EAEB7F0F-DAF6-4368-A489-323DD68E085E}.Release|Any CPU.Build.0 = Release|Any CPU
		{7E010F2E-3630-4E19-BF97-563155061276}.Debug|Any CPU.ActiveCfg = Debug|Any CPU
		{7E010F2E-3630-4E19-BF97-563155061276}.Debug|Any CPU.Build.0 = Debug|Any CPU
		{7E010F2E-3630-4E19-BF97-563155061276}.Release|Any CPU.ActiveCfg = Release|Any CPU
		{7E010F2E-3630-4E19-BF97-563155061276}.Release|Any CPU.Build.0 = Release|Any CPU
		{AA1AB179-60C0-4FDD-9691-D660CDBA5C6C}.Debug|Any CPU.ActiveCfg = Debug|Any CPU
		{AA1AB179-60C0-4FDD-9691-D660CDBA5C6C}.Debug|Any CPU.Build.0 = Debug|Any CPU
		{AA1AB179-60C0-4FDD-9691-D660CDBA5C6C}.Release|Any CPU.ActiveCfg = Release|Any CPU
		{AA1AB179-60C0-4FDD-9691-D660CDBA5C6C}.Release|Any CPU.Build.0 = Release|Any CPU
		{25FD66CF-355A-482F-AF13-1770753B9D6E}.Debug|Any CPU.ActiveCfg = Debug|Any CPU
		{25FD66CF-355A-482F-AF13-1770753B9D6E}.Debug|Any CPU.Build.0 = Debug|Any CPU
		{25FD66CF-355A-482F-AF13-1770753B9D6E}.Release|Any CPU.ActiveCfg = Release|Any CPU
		{25FD66CF-355A-482F-AF13-1770753B9D6E}.Release|Any CPU.Build.0 = Release|Any CPU
		{73393108-9915-4A2A-8810-74C1FA99EBDF}.Debug|Any CPU.ActiveCfg = Debug|Any CPU
		{73393108-9915-4A2A-8810-74C1FA99EBDF}.Debug|Any CPU.Build.0 = Debug|Any CPU
		{73393108-9915-4A2A-8810-74C1FA99EBDF}.Release|Any CPU.ActiveCfg = Release|Any CPU
		{73393108-9915-4A2A-8810-74C1FA99EBDF}.Release|Any CPU.Build.0 = Release|Any CPU
		{A15FBFFD-50E2-4EA0-AFA4-DD1CD46B0F2E}.Debug|Any CPU.ActiveCfg = Debug|Any CPU
		{A15FBFFD-50E2-4EA0-AFA4-DD1CD46B0F2E}.Debug|Any CPU.Build.0 = Debug|Any CPU
		{A15FBFFD-50E2-4EA0-AFA4-DD1CD46B0F2E}.Release|Any CPU.ActiveCfg = Release|Any CPU
		{A15FBFFD-50E2-4EA0-AFA4-DD1CD46B0F2E}.Release|Any CPU.Build.0 = Release|Any CPU
		{2ADFF7BD-B4AE-4B74-8BEA-0A8999567584}.Debug|Any CPU.ActiveCfg = Debug|Any CPU
		{2ADFF7BD-B4AE-4B74-8BEA-0A8999567584}.Debug|Any CPU.Build.0 = Debug|Any CPU
		{2ADFF7BD-B4AE-4B74-8BEA-0A8999567584}.Release|Any CPU.ActiveCfg = Release|Any CPU
		{2ADFF7BD-B4AE-4B74-8BEA-0A8999567584}.Release|Any CPU.Build.0 = Release|Any CPU
		{EEC1AAF5-F74A-47EC-8966-9C6386926F1F}.Debug|Any CPU.ActiveCfg = Debug|Any CPU
		{EEC1AAF5-F74A-47EC-8966-9C6386926F1F}.Debug|Any CPU.Build.0 = Debug|Any CPU
		{EEC1AAF5-F74A-47EC-8966-9C6386926F1F}.Release|Any CPU.ActiveCfg = Release|Any CPU
		{EEC1AAF5-F74A-47EC-8966-9C6386926F1F}.Release|Any CPU.Build.0 = Release|Any CPU
		{F6371D16-CCDA-45A2-8871-1DFFC753750C}.Debug|Any CPU.ActiveCfg = Debug|Any CPU
		{F6371D16-CCDA-45A2-8871-1DFFC753750C}.Debug|Any CPU.Build.0 = Debug|Any CPU
		{F6371D16-CCDA-45A2-8871-1DFFC753750C}.Release|Any CPU.ActiveCfg = Release|Any CPU
		{F6371D16-CCDA-45A2-8871-1DFFC753750C}.Release|Any CPU.Build.0 = Release|Any CPU
		{F9201B2E-77F1-4431-99FE-B8F21F51B2A9}.Debug|Any CPU.ActiveCfg = Debug|Any CPU
		{F9201B2E-77F1-4431-99FE-B8F21F51B2A9}.Debug|Any CPU.Build.0 = Debug|Any CPU
		{F9201B2E-77F1-4431-99FE-B8F21F51B2A9}.Release|Any CPU.ActiveCfg = Release|Any CPU
		{F9201B2E-77F1-4431-99FE-B8F21F51B2A9}.Release|Any CPU.Build.0 = Release|Any CPU
		{84BEE34A-4DB7-4631-AE68-E1E71DB1BC45}.Debug|Any CPU.ActiveCfg = Debug|Any CPU
		{84BEE34A-4DB7-4631-AE68-E1E71DB1BC45}.Debug|Any CPU.Build.0 = Debug|Any CPU
		{84BEE34A-4DB7-4631-AE68-E1E71DB1BC45}.Release|Any CPU.ActiveCfg = Release|Any CPU
		{84BEE34A-4DB7-4631-AE68-E1E71DB1BC45}.Release|Any CPU.Build.0 = Release|Any CPU
		{FC04E4D9-89FE-46EA-8A80-D16BD6BD4A1B}.Debug|Any CPU.ActiveCfg = Debug|Any CPU
		{FC04E4D9-89FE-46EA-8A80-D16BD6BD4A1B}.Debug|Any CPU.Build.0 = Debug|Any CPU
		{FC04E4D9-89FE-46EA-8A80-D16BD6BD4A1B}.Release|Any CPU.ActiveCfg = Release|Any CPU
		{FC04E4D9-89FE-46EA-8A80-D16BD6BD4A1B}.Release|Any CPU.Build.0 = Release|Any CPU
		{2C90D90C-B20C-44E8-84BF-A75436EA7A1E}.Debug|Any CPU.ActiveCfg = Debug|Any CPU
		{2C90D90C-B20C-44E8-84BF-A75436EA7A1E}.Debug|Any CPU.Build.0 = Debug|Any CPU
		{2C90D90C-B20C-44E8-84BF-A75436EA7A1E}.Release|Any CPU.ActiveCfg = Release|Any CPU
		{2C90D90C-B20C-44E8-84BF-A75436EA7A1E}.Release|Any CPU.Build.0 = Release|Any CPU
		{9C3A67D6-F136-4053-B69E-26851BBAEA0C}.Debug|Any CPU.ActiveCfg = Debug|Any CPU
		{9C3A67D6-F136-4053-B69E-26851BBAEA0C}.Debug|Any CPU.Build.0 = Debug|Any CPU
		{9C3A67D6-F136-4053-B69E-26851BBAEA0C}.Release|Any CPU.ActiveCfg = Release|Any CPU
		{9C3A67D6-F136-4053-B69E-26851BBAEA0C}.Release|Any CPU.Build.0 = Release|Any CPU
		{18FB8576-ABAD-4C0D-8936-98C88E1011F5}.Debug|Any CPU.ActiveCfg = Debug|Any CPU
		{18FB8576-ABAD-4C0D-8936-98C88E1011F5}.Debug|Any CPU.Build.0 = Debug|Any CPU
		{18FB8576-ABAD-4C0D-8936-98C88E1011F5}.Release|Any CPU.ActiveCfg = Release|Any CPU
		{18FB8576-ABAD-4C0D-8936-98C88E1011F5}.Release|Any CPU.Build.0 = Release|Any CPU
		{718585F4-D7AB-4C4E-9A2A-4EFB3713EBE6}.Debug|Any CPU.ActiveCfg = Debug|Any CPU
		{718585F4-D7AB-4C4E-9A2A-4EFB3713EBE6}.Debug|Any CPU.Build.0 = Debug|Any CPU
		{718585F4-D7AB-4C4E-9A2A-4EFB3713EBE6}.Release|Any CPU.ActiveCfg = Release|Any CPU
		{718585F4-D7AB-4C4E-9A2A-4EFB3713EBE6}.Release|Any CPU.Build.0 = Release|Any CPU
		{7B8E772A-60D5-41AD-A5B0-66EC35C5AE87}.Debug|Any CPU.ActiveCfg = Debug|Any CPU
		{7B8E772A-60D5-41AD-A5B0-66EC35C5AE87}.Debug|Any CPU.Build.0 = Debug|Any CPU
		{7B8E772A-60D5-41AD-A5B0-66EC35C5AE87}.Release|Any CPU.ActiveCfg = Release|Any CPU
		{7B8E772A-60D5-41AD-A5B0-66EC35C5AE87}.Release|Any CPU.Build.0 = Release|Any CPU
		{A2E8F658-C4D8-4FE0-95C9-322AE97FF571}.Debug|Any CPU.ActiveCfg = Debug|Any CPU
		{A2E8F658-C4D8-4FE0-95C9-322AE97FF571}.Debug|Any CPU.Build.0 = Debug|Any CPU
		{A2E8F658-C4D8-4FE0-95C9-322AE97FF571}.Release|Any CPU.ActiveCfg = Release|Any CPU
		{A2E8F658-C4D8-4FE0-95C9-322AE97FF571}.Release|Any CPU.Build.0 = Release|Any CPU
		{D75CDA90-FCDD-40F6-89A9-704B161477F2}.Debug|Any CPU.ActiveCfg = Debug|Any CPU
		{D75CDA90-FCDD-40F6-89A9-704B161477F2}.Debug|Any CPU.Build.0 = Debug|Any CPU
		{D75CDA90-FCDD-40F6-89A9-704B161477F2}.Release|Any CPU.ActiveCfg = Release|Any CPU
		{D75CDA90-FCDD-40F6-89A9-704B161477F2}.Release|Any CPU.Build.0 = Release|Any CPU
		{D686EA7E-881A-4B18-A40B-CD69D0DAF128}.Debug|Any CPU.ActiveCfg = Debug|Any CPU
		{D686EA7E-881A-4B18-A40B-CD69D0DAF128}.Debug|Any CPU.Build.0 = Debug|Any CPU
		{D686EA7E-881A-4B18-A40B-CD69D0DAF128}.Release|Any CPU.ActiveCfg = Release|Any CPU
		{D686EA7E-881A-4B18-A40B-CD69D0DAF128}.Release|Any CPU.Build.0 = Release|Any CPU
		{A53DFC14-6CB8-4960-9A30-82B7BD185F3B}.Debug|Any CPU.ActiveCfg = Debug|Any CPU
		{A53DFC14-6CB8-4960-9A30-82B7BD185F3B}.Debug|Any CPU.Build.0 = Debug|Any CPU
		{A53DFC14-6CB8-4960-9A30-82B7BD185F3B}.Release|Any CPU.ActiveCfg = Release|Any CPU
		{A53DFC14-6CB8-4960-9A30-82B7BD185F3B}.Release|Any CPU.Build.0 = Release|Any CPU
		{14462830-6E9A-4528-94CC-8A88EABB19A4}.Debug|Any CPU.ActiveCfg = Debug|Any CPU
		{14462830-6E9A-4528-94CC-8A88EABB19A4}.Debug|Any CPU.Build.0 = Debug|Any CPU
		{14462830-6E9A-4528-94CC-8A88EABB19A4}.Release|Any CPU.ActiveCfg = Release|Any CPU
		{14462830-6E9A-4528-94CC-8A88EABB19A4}.Release|Any CPU.Build.0 = Release|Any CPU
		{F46CE644-A463-4B57-81CE-8C0AE51B66F6}.Debug|Any CPU.ActiveCfg = Debug|Any CPU
		{F46CE644-A463-4B57-81CE-8C0AE51B66F6}.Debug|Any CPU.Build.0 = Debug|Any CPU
		{F46CE644-A463-4B57-81CE-8C0AE51B66F6}.Release|Any CPU.ActiveCfg = Release|Any CPU
		{F46CE644-A463-4B57-81CE-8C0AE51B66F6}.Release|Any CPU.Build.0 = Release|Any CPU
		{0631C0AB-2218-45AF-B2CB-9A26FD38B1E3}.Debug|Any CPU.ActiveCfg = Debug|Any CPU
		{0631C0AB-2218-45AF-B2CB-9A26FD38B1E3}.Debug|Any CPU.Build.0 = Debug|Any CPU
		{0631C0AB-2218-45AF-B2CB-9A26FD38B1E3}.Release|Any CPU.ActiveCfg = Release|Any CPU
		{0631C0AB-2218-45AF-B2CB-9A26FD38B1E3}.Release|Any CPU.Build.0 = Release|Any CPU
		{E9B1C72E-74AC-4A10-B9E0-48FA1CE3A9CB}.Debug|Any CPU.ActiveCfg = Debug|Any CPU
		{E9B1C72E-74AC-4A10-B9E0-48FA1CE3A9CB}.Debug|Any CPU.Build.0 = Debug|Any CPU
		{E9B1C72E-74AC-4A10-B9E0-48FA1CE3A9CB}.Release|Any CPU.ActiveCfg = Release|Any CPU
		{E9B1C72E-74AC-4A10-B9E0-48FA1CE3A9CB}.Release|Any CPU.Build.0 = Release|Any CPU
		{468E8A12-EA98-4727-B68E-22055605BBEC}.Debug|Any CPU.ActiveCfg = Debug|Any CPU
		{468E8A12-EA98-4727-B68E-22055605BBEC}.Debug|Any CPU.Build.0 = Debug|Any CPU
		{468E8A12-EA98-4727-B68E-22055605BBEC}.Release|Any CPU.ActiveCfg = Release|Any CPU
		{468E8A12-EA98-4727-B68E-22055605BBEC}.Release|Any CPU.Build.0 = Release|Any CPU
		{50280911-7766-44C5-ACF1-9C5902E9A209}.Debug|Any CPU.ActiveCfg = Debug|Any CPU
		{50280911-7766-44C5-ACF1-9C5902E9A209}.Debug|Any CPU.Build.0 = Debug|Any CPU
		{50280911-7766-44C5-ACF1-9C5902E9A209}.Release|Any CPU.ActiveCfg = Release|Any CPU
		{50280911-7766-44C5-ACF1-9C5902E9A209}.Release|Any CPU.Build.0 = Release|Any CPU
	EndGlobalSection
	GlobalSection(SolutionProperties) = preSolution
		HideSolutionNode = FALSE
	EndGlobalSection
	GlobalSection(ExtensibilityGlobals) = postSolution
		SolutionGuid = {821D6526-E925-4125-A776-E2CA838CC6AC}
	EndGlobalSection
EndGlobal
